
Microsoft Visual Studio Solution File, Format Version 12.00
# Visual Studio Version 17
VisualStudioVersion = 17.1.32421.90
MinimumVisualStudioVersion = 10.0.40219.1
Project("{9A19103F-16F7-4668-BE54-9A1E7A4F7556}") = "WeatherZilla.WebAPI", "WeatherZilla.WebAPI.csproj", "{24866CF8-5AAC-48D2-8232-7F3ACA972137}"
EndProject
Project("{9A19103F-16F7-4668-BE54-9A1E7A4F7556}") = "WeatherZilla.Shared", "..\WeatherZilla.Shared\WeatherZilla.Shared.csproj", "{663FE610-A94F-4F36-BAC9-1025FDDA0729}"
EndProject
Global
	GlobalSection(SolutionConfigurationPlatforms) = preSolution
		Debug|Any CPU = Debug|Any CPU
		Release|Any CPU = Release|Any CPU
	EndGlobalSection
	GlobalSection(ProjectConfigurationPlatforms) = postSolution
		{24866CF8-5AAC-48D2-8232-7F3ACA972137}.Debug|Any CPU.ActiveCfg = Debug|Any CPU
		{24866CF8-5AAC-48D2-8232-7F3ACA972137}.Debug|Any CPU.Build.0 = Debug|Any CPU
		{24866CF8-5AAC-48D2-8232-7F3ACA972137}.Release|Any CPU.ActiveCfg = Release|Any CPU
		{24866CF8-5AAC-48D2-8232-7F3ACA972137}.Release|Any CPU.Build.0 = Release|Any CPU
		{663FE610-A94F-4F36-BAC9-1025FDDA0729}.Debug|Any CPU.ActiveCfg = Debug|Any CPU
		{663FE610-A94F-4F36-BAC9-1025FDDA0729}.Debug|Any CPU.Build.0 = Debug|Any CPU
		{663FE610-A94F-4F36-BAC9-1025FDDA0729}.Release|Any CPU.ActiveCfg = Release|Any CPU
		{663FE610-A94F-4F36-BAC9-1025FDDA0729}.Release|Any CPU.Build.0 = Release|Any CPU
	EndGlobalSection
	GlobalSection(SolutionProperties) = preSolution
		HideSolutionNode = FALSE
	EndGlobalSection
	GlobalSection(ExtensibilityGlobals) = postSolution
		SolutionGuid = {514BE3C8-A01E-4B02-A568-E36327EAAD89}
	EndGlobalSection
EndGlobal
