
Microsoft Visual Studio Solution File, Format Version 12.00
# Visual Studio Version 17
VisualStudioVersion = 17.1.32421.90
MinimumVisualStudioVersion = 10.0.40219.1
Project("{9A19103F-16F7-4668-BE54-9A1E7A4F7556}") = "WeatherZilla.WebApp", "WeatherZilla.WebApp\WeatherZilla.WebApp.csproj", "{AFDE65CE-3EC9-40D0-8287-728208681055}"
	ProjectSection(ProjectDependencies) = postProject
		{3527E624-F96F-44AE-AAB1-B3700DE3A016} = {3527E624-F96F-44AE-AAB1-B3700DE3A016}
	EndProjectSection
EndProject
Project("{9A19103F-16F7-4668-BE54-9A1E7A4F7556}") = "WeatherZilla.WebAPI", "WeatherZilla.WebAPI\WeatherZilla.WebAPI.csproj", "{3527E624-F96F-44AE-AAB1-B3700DE3A016}"
	ProjectSection(ProjectDependencies) = postProject
		{9F32385F-8A3A-45C7-980F-3BDAE5001DEC} = {9F32385F-8A3A-45C7-980F-3BDAE5001DEC}
	EndProjectSection
EndProject
Project("{9A19103F-16F7-4668-BE54-9A1E7A4F7556}") = "WeatherZilla.Shared", "WeatherZilla.Shared\WeatherZilla.Shared.csproj", "{9F32385F-8A3A-45C7-980F-3BDAE5001DEC}"
EndProject
Project("{2150E333-8FDC-42A3-9474-1A3956D46DE8}") = "Github Actions", "Github Actions", "{55DF7662-7298-4B00-BC10-C19288C87C87}"
	ProjectSection(SolutionItems) = preProject
		.github\workflows\WeatherZilla.WebApp.yml = .github\workflows\WeatherZilla.WebApp.yml
	EndProjectSection
EndProject
Global
	GlobalSection(SolutionConfigurationPlatforms) = preSolution
		Debug|Any CPU = Debug|Any CPU
		Release|Any CPU = Release|Any CPU
	EndGlobalSection
	GlobalSection(ProjectConfigurationPlatforms) = postSolution
		{AFDE65CE-3EC9-40D0-8287-728208681055}.Debug|Any CPU.ActiveCfg = Debug|Any CPU
		{AFDE65CE-3EC9-40D0-8287-728208681055}.Debug|Any CPU.Build.0 = Debug|Any CPU
		{AFDE65CE-3EC9-40D0-8287-728208681055}.Release|Any CPU.ActiveCfg = Release|Any CPU
		{AFDE65CE-3EC9-40D0-8287-728208681055}.Release|Any CPU.Build.0 = Release|Any CPU
		{3527E624-F96F-44AE-AAB1-B3700DE3A016}.Debug|Any CPU.ActiveCfg = Debug|Any CPU
		{3527E624-F96F-44AE-AAB1-B3700DE3A016}.Debug|Any CPU.Build.0 = Debug|Any CPU
		{3527E624-F96F-44AE-AAB1-B3700DE3A016}.Release|Any CPU.ActiveCfg = Release|Any CPU
		{3527E624-F96F-44AE-AAB1-B3700DE3A016}.Release|Any CPU.Build.0 = Release|Any CPU
		{9F32385F-8A3A-45C7-980F-3BDAE5001DEC}.Debug|Any CPU.ActiveCfg = Debug|Any CPU
		{9F32385F-8A3A-45C7-980F-3BDAE5001DEC}.Debug|Any CPU.Build.0 = Debug|Any CPU
		{9F32385F-8A3A-45C7-980F-3BDAE5001DEC}.Release|Any CPU.ActiveCfg = Release|Any CPU
		{9F32385F-8A3A-45C7-980F-3BDAE5001DEC}.Release|Any CPU.Build.0 = Release|Any CPU
	EndGlobalSection
	GlobalSection(SolutionProperties) = preSolution
		HideSolutionNode = FALSE
	EndGlobalSection
	GlobalSection(ExtensibilityGlobals) = postSolution
		SolutionGuid = {514BE3C8-A01E-4B02-A568-E36327EAAD88}
	EndGlobalSection
EndGlobal
